// !$*UTF8*$!
{
	archiveVersion = 1;
	classes = {
	};
	objectVersion = 55;
	objects = {

/* Begin PBXBuildFile section */
		37EC4E883E90D5AD63C923AC /* Pods_yeogidam_rxTests.framework in Frameworks */ = {isa = PBXBuildFile; fileRef = 1469C3292125CCA6474187F2 /* Pods_yeogidam_rxTests.framework */; };
		38F3A9FADD1868953F358BE7 /* Pods_yeogidam_rx.framework in Frameworks */ = {isa = PBXBuildFile; fileRef = AD3C802D5B2AA1E6D5C7C9AD /* Pods_yeogidam_rx.framework */; };
		4F3781D3B1E34DBDE373CAE7 /* Pods_yeogidam_rx_yeogidam_rxUITests.framework in Frameworks */ = {isa = PBXBuildFile; fileRef = 8B54D092CFD3B704D297F802 /* Pods_yeogidam_rx_yeogidam_rxUITests.framework */; };
		9345860E296AA85100530AA8 /* UITextField+extension.swift in Sources */ = {isa = PBXBuildFile; fileRef = 9345860D296AA85100530AA8 /* UITextField+extension.swift */; };
		93458610296ABAE200530AA8 /* demo.json in Resources */ = {isa = PBXBuildFile; fileRef = 9345860F296ABAE200530AA8 /* demo.json */; };
		93458612296ABC5B00530AA8 /* DistrictViewModel.swift in Sources */ = {isa = PBXBuildFile; fileRef = 93458611296ABC5B00530AA8 /* DistrictViewModel.swift */; };
		93458614296ABC6500530AA8 /* SettingsViewModel.swift in Sources */ = {isa = PBXBuildFile; fileRef = 93458613296ABC6500530AA8 /* SettingsViewModel.swift */; };
		9345861629709EB700530AA8 /* APIManager.swift in Sources */ = {isa = PBXBuildFile; fileRef = 9345861529709EB700530AA8 /* APIManager.swift */; };
		9345861829709F6700530AA8 /* SmokingArea.swift in Sources */ = {isa = PBXBuildFile; fileRef = 9345861729709F6700530AA8 /* SmokingArea.swift */; };
		9345861A29709FCB00530AA8 /* Resource.swift in Sources */ = {isa = PBXBuildFile; fileRef = 9345861929709FCB00530AA8 /* Resource.swift */; };
		934586202970A03700530AA8 /* Location.swift in Sources */ = {isa = PBXBuildFile; fileRef = 9345861F2970A03700530AA8 /* Location.swift */; };
		934586242972A07500530AA8 /* Response.swift in Sources */ = {isa = PBXBuildFile; fileRef = 934586232972A07500530AA8 /* Response.swift */; };

		9345862C2979FABF00530AA8 /* SettingsViewCell.swift in Sources */ = {isa = PBXBuildFile; fileRef = 9345862B2979FABF00530AA8 /* SettingsViewCell.swift */; };

		934586262972FAB000530AA8 /* TableViewCell.swift in Sources */ = {isa = PBXBuildFile; fileRef = 934586252972FAB000530AA8 /* TableViewCell.swift */; };
		9345862829763C9D00530AA8 /* UIViewController+extension.swift in Sources */ = {isa = PBXBuildFile; fileRef = 9345862729763C9D00530AA8 /* UIViewController+extension.swift */; };

		93C715F5296A83EB00813C01 /* AppDelegate.swift in Sources */ = {isa = PBXBuildFile; fileRef = 93C715F4296A83EB00813C01 /* AppDelegate.swift */; };
		93C715F7296A83EB00813C01 /* SceneDelegate.swift in Sources */ = {isa = PBXBuildFile; fileRef = 93C715F6296A83EB00813C01 /* SceneDelegate.swift */; };
		93C715F9296A83EB00813C01 /* MainViewController.swift in Sources */ = {isa = PBXBuildFile; fileRef = 93C715F8296A83EB00813C01 /* MainViewController.swift */; };
		93C715FE296A83ED00813C01 /* Assets.xcassets in Resources */ = {isa = PBXBuildFile; fileRef = 93C715FD296A83ED00813C01 /* Assets.xcassets */; };
		93C71601296A83ED00813C01 /* LaunchScreen.storyboard in Resources */ = {isa = PBXBuildFile; fileRef = 93C715FF296A83ED00813C01 /* LaunchScreen.storyboard */; };
		93C7160C296A83ED00813C01 /* yeogidam_rxTests.swift in Sources */ = {isa = PBXBuildFile; fileRef = 93C7160B296A83ED00813C01 /* yeogidam_rxTests.swift */; };
		93C71616296A83ED00813C01 /* yeogidam_rxUITests.swift in Sources */ = {isa = PBXBuildFile; fileRef = 93C71615296A83ED00813C01 /* yeogidam_rxUITests.swift */; };
		93C71618296A83ED00813C01 /* yeogidam_rxUITestsLaunchTests.swift in Sources */ = {isa = PBXBuildFile; fileRef = 93C71617296A83ED00813C01 /* yeogidam_rxUITestsLaunchTests.swift */; };
		93D4457D296A8B1B00DED109 /* DistrictViewController.swift in Sources */ = {isa = PBXBuildFile; fileRef = 93D4457C296A8B1B00DED109 /* DistrictViewController.swift */; };
		93D4457F296A8B2C00DED109 /* SettingsViewController.swift in Sources */ = {isa = PBXBuildFile; fileRef = 93D4457E296A8B2C00DED109 /* SettingsViewController.swift */; };
		93D44584296A998F00DED109 /* UIColor+extension.swift in Sources */ = {isa = PBXBuildFile; fileRef = 93D44583296A998F00DED109 /* UIColor+extension.swift */; };
		93D44586296AA34D00DED109 /* MainViewModel.swift in Sources */ = {isa = PBXBuildFile; fileRef = 93D44585296AA34D00DED109 /* MainViewModel.swift */; };
/* End PBXBuildFile section */

/* Begin PBXContainerItemProxy section */
		93C71608296A83ED00813C01 /* PBXContainerItemProxy */ = {
			isa = PBXContainerItemProxy;
			containerPortal = 93C715E9296A83EB00813C01 /* Project object */;
			proxyType = 1;
			remoteGlobalIDString = 93C715F0296A83EB00813C01;
			remoteInfo = "yeogidam-rx";
		};
		93C71612296A83ED00813C01 /* PBXContainerItemProxy */ = {
			isa = PBXContainerItemProxy;
			containerPortal = 93C715E9296A83EB00813C01 /* Project object */;
			proxyType = 1;
			remoteGlobalIDString = 93C715F0296A83EB00813C01;
			remoteInfo = "yeogidam-rx";
		};
/* End PBXContainerItemProxy section */

/* Begin PBXFileReference section */
		1469C3292125CCA6474187F2 /* Pods_yeogidam_rxTests.framework */ = {isa = PBXFileReference; explicitFileType = wrapper.framework; includeInIndex = 0; path = Pods_yeogidam_rxTests.framework; sourceTree = BUILT_PRODUCTS_DIR; };
		2612F8D8D5F694DDF2B70141 /* Pods-yeogidam-rx-yeogidam-rxUITests.release.xcconfig */ = {isa = PBXFileReference; includeInIndex = 1; lastKnownFileType = text.xcconfig; name = "Pods-yeogidam-rx-yeogidam-rxUITests.release.xcconfig"; path = "Target Support Files/Pods-yeogidam-rx-yeogidam-rxUITests/Pods-yeogidam-rx-yeogidam-rxUITests.release.xcconfig"; sourceTree = "<group>"; };
		453F54FCB94FC25EAD9F0ED1 /* Pods-yeogidam-rx.debug.xcconfig */ = {isa = PBXFileReference; includeInIndex = 1; lastKnownFileType = text.xcconfig; name = "Pods-yeogidam-rx.debug.xcconfig"; path = "Target Support Files/Pods-yeogidam-rx/Pods-yeogidam-rx.debug.xcconfig"; sourceTree = "<group>"; };
		4D933C9D092FF7E83D71E04F /* Pods-yeogidam-rxTests.debug.xcconfig */ = {isa = PBXFileReference; includeInIndex = 1; lastKnownFileType = text.xcconfig; name = "Pods-yeogidam-rxTests.debug.xcconfig"; path = "Target Support Files/Pods-yeogidam-rxTests/Pods-yeogidam-rxTests.debug.xcconfig"; sourceTree = "<group>"; };
		57A2D557F2555C98D2272024 /* Pods-yeogidam-rx.release.xcconfig */ = {isa = PBXFileReference; includeInIndex = 1; lastKnownFileType = text.xcconfig; name = "Pods-yeogidam-rx.release.xcconfig"; path = "Target Support Files/Pods-yeogidam-rx/Pods-yeogidam-rx.release.xcconfig"; sourceTree = "<group>"; };
		8B54D092CFD3B704D297F802 /* Pods_yeogidam_rx_yeogidam_rxUITests.framework */ = {isa = PBXFileReference; explicitFileType = wrapper.framework; includeInIndex = 0; path = Pods_yeogidam_rx_yeogidam_rxUITests.framework; sourceTree = BUILT_PRODUCTS_DIR; };
		9345860D296AA85100530AA8 /* UITextField+extension.swift */ = {isa = PBXFileReference; lastKnownFileType = sourcecode.swift; path = "UITextField+extension.swift"; sourceTree = "<group>"; };
		9345860F296ABAE200530AA8 /* demo.json */ = {isa = PBXFileReference; lastKnownFileType = text.json; path = demo.json; sourceTree = "<group>"; };
		93458611296ABC5B00530AA8 /* DistrictViewModel.swift */ = {isa = PBXFileReference; lastKnownFileType = sourcecode.swift; path = DistrictViewModel.swift; sourceTree = "<group>"; };
		93458613296ABC6500530AA8 /* SettingsViewModel.swift */ = {isa = PBXFileReference; lastKnownFileType = sourcecode.swift; path = SettingsViewModel.swift; sourceTree = "<group>"; };
		9345861529709EB700530AA8 /* APIManager.swift */ = {isa = PBXFileReference; lastKnownFileType = sourcecode.swift; path = APIManager.swift; sourceTree = "<group>"; };
		9345861729709F6700530AA8 /* SmokingArea.swift */ = {isa = PBXFileReference; lastKnownFileType = sourcecode.swift; path = SmokingArea.swift; sourceTree = "<group>"; };
		9345861929709FCB00530AA8 /* Resource.swift */ = {isa = PBXFileReference; lastKnownFileType = sourcecode.swift; path = Resource.swift; sourceTree = "<group>"; };
		9345861F2970A03700530AA8 /* Location.swift */ = {isa = PBXFileReference; lastKnownFileType = sourcecode.swift; path = Location.swift; sourceTree = "<group>"; };
		934586232972A07500530AA8 /* Response.swift */ = {isa = PBXFileReference; lastKnownFileType = sourcecode.swift; path = Response.swift; sourceTree = "<group>"; };

		9345862B2979FABF00530AA8 /* SettingsViewCell.swift */ = {isa = PBXFileReference; lastKnownFileType = sourcecode.swift; name = SettingsViewCell.swift; path = "yeogidam-rx/Extensions/SettingsViewCell.swift"; sourceTree = SOURCE_ROOT; };

		934586252972FAB000530AA8 /* TableViewCell.swift */ = {isa = PBXFileReference; lastKnownFileType = sourcecode.swift; path = TableViewCell.swift; sourceTree = "<group>"; };
		9345862729763C9D00530AA8 /* UIViewController+extension.swift */ = {isa = PBXFileReference; lastKnownFileType = sourcecode.swift; path = "UIViewController+extension.swift"; sourceTree = "<group>"; };

		93C715F1296A83EB00813C01 /* yeogidam-rx.app */ = {isa = PBXFileReference; explicitFileType = wrapper.application; includeInIndex = 0; path = "yeogidam-rx.app"; sourceTree = BUILT_PRODUCTS_DIR; };
		93C715F4296A83EB00813C01 /* AppDelegate.swift */ = {isa = PBXFileReference; lastKnownFileType = sourcecode.swift; path = AppDelegate.swift; sourceTree = "<group>"; };
		93C715F6296A83EB00813C01 /* SceneDelegate.swift */ = {isa = PBXFileReference; lastKnownFileType = sourcecode.swift; path = SceneDelegate.swift; sourceTree = "<group>"; };
		93C715F8296A83EB00813C01 /* MainViewController.swift */ = {isa = PBXFileReference; lastKnownFileType = sourcecode.swift; path = MainViewController.swift; sourceTree = "<group>"; };
		93C715FD296A83ED00813C01 /* Assets.xcassets */ = {isa = PBXFileReference; lastKnownFileType = folder.assetcatalog; path = Assets.xcassets; sourceTree = "<group>"; };
		93C71600296A83ED00813C01 /* Base */ = {isa = PBXFileReference; lastKnownFileType = file.storyboard; name = Base; path = Base.lproj/LaunchScreen.storyboard; sourceTree = "<group>"; };
		93C71602296A83ED00813C01 /* Info.plist */ = {isa = PBXFileReference; lastKnownFileType = text.plist.xml; path = Info.plist; sourceTree = "<group>"; };
		93C71607296A83ED00813C01 /* yeogidam-rxTests.xctest */ = {isa = PBXFileReference; explicitFileType = wrapper.cfbundle; includeInIndex = 0; path = "yeogidam-rxTests.xctest"; sourceTree = BUILT_PRODUCTS_DIR; };
		93C7160B296A83ED00813C01 /* yeogidam_rxTests.swift */ = {isa = PBXFileReference; lastKnownFileType = sourcecode.swift; path = yeogidam_rxTests.swift; sourceTree = "<group>"; };
		93C71611296A83ED00813C01 /* yeogidam-rxUITests.xctest */ = {isa = PBXFileReference; explicitFileType = wrapper.cfbundle; includeInIndex = 0; path = "yeogidam-rxUITests.xctest"; sourceTree = BUILT_PRODUCTS_DIR; };
		93C71615296A83ED00813C01 /* yeogidam_rxUITests.swift */ = {isa = PBXFileReference; lastKnownFileType = sourcecode.swift; path = yeogidam_rxUITests.swift; sourceTree = "<group>"; };
		93C71617296A83ED00813C01 /* yeogidam_rxUITestsLaunchTests.swift */ = {isa = PBXFileReference; lastKnownFileType = sourcecode.swift; path = yeogidam_rxUITestsLaunchTests.swift; sourceTree = "<group>"; };
		93D4457C296A8B1B00DED109 /* DistrictViewController.swift */ = {isa = PBXFileReference; lastKnownFileType = sourcecode.swift; path = DistrictViewController.swift; sourceTree = "<group>"; };
		93D4457E296A8B2C00DED109 /* SettingsViewController.swift */ = {isa = PBXFileReference; lastKnownFileType = sourcecode.swift; path = SettingsViewController.swift; sourceTree = "<group>"; };
		93D44583296A998F00DED109 /* UIColor+extension.swift */ = {isa = PBXFileReference; lastKnownFileType = sourcecode.swift; path = "UIColor+extension.swift"; sourceTree = "<group>"; };
		93D44585296AA34D00DED109 /* MainViewModel.swift */ = {isa = PBXFileReference; lastKnownFileType = sourcecode.swift; path = MainViewModel.swift; sourceTree = "<group>"; };
		96630C4FC9956645280E78C7 /* Pods-yeogidam-rxTests.release.xcconfig */ = {isa = PBXFileReference; includeInIndex = 1; lastKnownFileType = text.xcconfig; name = "Pods-yeogidam-rxTests.release.xcconfig"; path = "Target Support Files/Pods-yeogidam-rxTests/Pods-yeogidam-rxTests.release.xcconfig"; sourceTree = "<group>"; };
		AD3C802D5B2AA1E6D5C7C9AD /* Pods_yeogidam_rx.framework */ = {isa = PBXFileReference; explicitFileType = wrapper.framework; includeInIndex = 0; path = Pods_yeogidam_rx.framework; sourceTree = BUILT_PRODUCTS_DIR; };
		F5C866463D3E98F9F499539A /* Pods-yeogidam-rx-yeogidam-rxUITests.debug.xcconfig */ = {isa = PBXFileReference; includeInIndex = 1; lastKnownFileType = text.xcconfig; name = "Pods-yeogidam-rx-yeogidam-rxUITests.debug.xcconfig"; path = "Target Support Files/Pods-yeogidam-rx-yeogidam-rxUITests/Pods-yeogidam-rx-yeogidam-rxUITests.debug.xcconfig"; sourceTree = "<group>"; };
/* End PBXFileReference section */

/* Begin PBXFrameworksBuildPhase section */
		93C715EE296A83EB00813C01 /* Frameworks */ = {
			isa = PBXFrameworksBuildPhase;
			buildActionMask = 2147483647;
			files = (
				38F3A9FADD1868953F358BE7 /* Pods_yeogidam_rx.framework in Frameworks */,
			);
			runOnlyForDeploymentPostprocessing = 0;
		};
		93C71604296A83ED00813C01 /* Frameworks */ = {
			isa = PBXFrameworksBuildPhase;
			buildActionMask = 2147483647;
			files = (
				37EC4E883E90D5AD63C923AC /* Pods_yeogidam_rxTests.framework in Frameworks */,
			);
			runOnlyForDeploymentPostprocessing = 0;
		};
		93C7160E296A83ED00813C01 /* Frameworks */ = {
			isa = PBXFrameworksBuildPhase;
			buildActionMask = 2147483647;
			files = (
				4F3781D3B1E34DBDE373CAE7 /* Pods_yeogidam_rx_yeogidam_rxUITests.framework in Frameworks */,
			);
			runOnlyForDeploymentPostprocessing = 0;
		};
/* End PBXFrameworksBuildPhase section */

/* Begin PBXGroup section */
		93C715E8296A83EB00813C01 = {
			isa = PBXGroup;
			children = (
				93C715F3296A83EB00813C01 /* yeogidam-rx */,
				93C7160A296A83ED00813C01 /* yeogidam-rxTests */,
				93C71614296A83ED00813C01 /* yeogidam-rxUITests */,
				93C715F2296A83EB00813C01 /* Products */,
				A0992CC181D138B6EC992771 /* Pods */,
				F1795AAB9FAE87BE3F77E395 /* Frameworks */,
			);
			sourceTree = "<group>";
		};
		93C715F2296A83EB00813C01 /* Products */ = {
			isa = PBXGroup;
			children = (
				93C715F1296A83EB00813C01 /* yeogidam-rx.app */,
				93C71607296A83ED00813C01 /* yeogidam-rxTests.xctest */,
				93C71611296A83ED00813C01 /* yeogidam-rxUITests.xctest */,
			);
			name = Products;
			sourceTree = "<group>";
		};
		93C715F3296A83EB00813C01 /* yeogidam-rx */ = {
			isa = PBXGroup;
			children = (
				9345861529709EB700530AA8 /* APIManager.swift */,
				9345861929709FCB00530AA8 /* Resource.swift */,
				93D44587296AA57300DED109 /* CustomView */,
				93D44580296A986500DED109 /* Extensions */,
				93D4457A296A8AC600DED109 /* Model */,
				93D44579296A8ABE00DED109 /* ViewModel */,
				93D44578296A8AB700DED109 /* ViewController */,
				93C715F4296A83EB00813C01 /* AppDelegate.swift */,
				93C715F6296A83EB00813C01 /* SceneDelegate.swift */,
				93C715FD296A83ED00813C01 /* Assets.xcassets */,
				93C715FF296A83ED00813C01 /* LaunchScreen.storyboard */,
				93C71602296A83ED00813C01 /* Info.plist */,
				9345860F296ABAE200530AA8 /* demo.json */,
			);
			path = "yeogidam-rx";
			sourceTree = "<group>";
		};
		93C7160A296A83ED00813C01 /* yeogidam-rxTests */ = {
			isa = PBXGroup;
			children = (
				93C7160B296A83ED00813C01 /* yeogidam_rxTests.swift */,
			);
			path = "yeogidam-rxTests";
			sourceTree = "<group>";
		};
		93C71614296A83ED00813C01 /* yeogidam-rxUITests */ = {
			isa = PBXGroup;
			children = (
				93C71615296A83ED00813C01 /* yeogidam_rxUITests.swift */,
				93C71617296A83ED00813C01 /* yeogidam_rxUITestsLaunchTests.swift */,
			);
			path = "yeogidam-rxUITests";
			sourceTree = "<group>";
		};
		93D44578296A8AB700DED109 /* ViewController */ = {
			isa = PBXGroup;
			children = (
				93C715F8296A83EB00813C01 /* MainViewController.swift */,
				93D4457C296A8B1B00DED109 /* DistrictViewController.swift */,
				93D4457E296A8B2C00DED109 /* SettingsViewController.swift */,
			);
			path = ViewController;
			sourceTree = "<group>";
		};
		93D44579296A8ABE00DED109 /* ViewModel */ = {
			isa = PBXGroup;
			children = (
				93D44585296AA34D00DED109 /* MainViewModel.swift */,
				93458611296ABC5B00530AA8 /* DistrictViewModel.swift */,
				93458613296ABC6500530AA8 /* SettingsViewModel.swift */,
			);
			path = ViewModel;
			sourceTree = "<group>";
		};
		93D4457A296A8AC600DED109 /* Model */ = {
			isa = PBXGroup;
			children = (
				9345861729709F6700530AA8 /* SmokingArea.swift */,
				9345861F2970A03700530AA8 /* Location.swift */,
				934586232972A07500530AA8 /* Response.swift */,
			);
			path = Model;
			sourceTree = "<group>";
		};
		93D44580296A986500DED109 /* Extensions */ = {
			isa = PBXGroup;
			children = (
				93D44583296A998F00DED109 /* UIColor+extension.swift */,
				9345860D296AA85100530AA8 /* UITextField+extension.swift */,
				9345862729763C9D00530AA8 /* UIViewController+extension.swift */,
			);
			path = Extensions;
			sourceTree = "<group>";
		};
		93D44587296AA57300DED109 /* CustomView */ = {
			isa = PBXGroup;
			children = (

				9345862B2979FABF00530AA8 /* SettingsViewCell.swift */,

				934586252972FAB000530AA8 /* TableViewCell.swift */,

			);
			path = CustomView;
			sourceTree = "<group>";
		};
		A0992CC181D138B6EC992771 /* Pods */ = {
			isa = PBXGroup;
			children = (
				453F54FCB94FC25EAD9F0ED1 /* Pods-yeogidam-rx.debug.xcconfig */,
				57A2D557F2555C98D2272024 /* Pods-yeogidam-rx.release.xcconfig */,
				F5C866463D3E98F9F499539A /* Pods-yeogidam-rx-yeogidam-rxUITests.debug.xcconfig */,
				2612F8D8D5F694DDF2B70141 /* Pods-yeogidam-rx-yeogidam-rxUITests.release.xcconfig */,
				4D933C9D092FF7E83D71E04F /* Pods-yeogidam-rxTests.debug.xcconfig */,
				96630C4FC9956645280E78C7 /* Pods-yeogidam-rxTests.release.xcconfig */,
			);
			path = Pods;
			sourceTree = "<group>";
		};
		F1795AAB9FAE87BE3F77E395 /* Frameworks */ = {
			isa = PBXGroup;
			children = (
				AD3C802D5B2AA1E6D5C7C9AD /* Pods_yeogidam_rx.framework */,
				8B54D092CFD3B704D297F802 /* Pods_yeogidam_rx_yeogidam_rxUITests.framework */,
				1469C3292125CCA6474187F2 /* Pods_yeogidam_rxTests.framework */,
			);
			name = Frameworks;
			sourceTree = "<group>";
		};
/* End PBXGroup section */

/* Begin PBXNativeTarget section */
		93C715F0296A83EB00813C01 /* yeogidam-rx */ = {
			isa = PBXNativeTarget;
			buildConfigurationList = 93C7161B296A83ED00813C01 /* Build configuration list for PBXNativeTarget "yeogidam-rx" */;
			buildPhases = (
				5C705A8C431ECA4A3D880600 /* [CP] Check Pods Manifest.lock */,
				93C715ED296A83EB00813C01 /* Sources */,
				93C715EE296A83EB00813C01 /* Frameworks */,
				93C715EF296A83EB00813C01 /* Resources */,
				6E09977FE2893FDEC440B910 /* [CP] Embed Pods Frameworks */,
			);
			buildRules = (
			);
			dependencies = (
			);
			name = "yeogidam-rx";
			productName = "yeogidam-rx";
			productReference = 93C715F1296A83EB00813C01 /* yeogidam-rx.app */;
			productType = "com.apple.product-type.application";
		};
		93C71606296A83ED00813C01 /* yeogidam-rxTests */ = {
			isa = PBXNativeTarget;
			buildConfigurationList = 93C7161E296A83ED00813C01 /* Build configuration list for PBXNativeTarget "yeogidam-rxTests" */;
			buildPhases = (
				0C141EC1F27198024CC122FF /* [CP] Check Pods Manifest.lock */,
				93C71603296A83ED00813C01 /* Sources */,
				93C71604296A83ED00813C01 /* Frameworks */,
				93C71605296A83ED00813C01 /* Resources */,
			);
			buildRules = (
			);
			dependencies = (
				93C71609296A83ED00813C01 /* PBXTargetDependency */,
			);
			name = "yeogidam-rxTests";
			productName = "yeogidam-rxTests";
			productReference = 93C71607296A83ED00813C01 /* yeogidam-rxTests.xctest */;
			productType = "com.apple.product-type.bundle.unit-test";
		};
		93C71610296A83ED00813C01 /* yeogidam-rxUITests */ = {
			isa = PBXNativeTarget;
			buildConfigurationList = 93C71621296A83ED00813C01 /* Build configuration list for PBXNativeTarget "yeogidam-rxUITests" */;
			buildPhases = (
				D46B22809675BFFDDB8CBD0B /* [CP] Check Pods Manifest.lock */,
				93C7160D296A83ED00813C01 /* Sources */,
				93C7160E296A83ED00813C01 /* Frameworks */,
				93C7160F296A83ED00813C01 /* Resources */,
				2C06E7C7AA7A78D910AC3329 /* [CP] Embed Pods Frameworks */,
			);
			buildRules = (
			);
			dependencies = (
				93C71613296A83ED00813C01 /* PBXTargetDependency */,
			);
			name = "yeogidam-rxUITests";
			productName = "yeogidam-rxUITests";
			productReference = 93C71611296A83ED00813C01 /* yeogidam-rxUITests.xctest */;
			productType = "com.apple.product-type.bundle.ui-testing";
		};
/* End PBXNativeTarget section */

/* Begin PBXProject section */
		93C715E9296A83EB00813C01 /* Project object */ = {
			isa = PBXProject;
			attributes = {
				BuildIndependentTargetsInParallel = 1;
				LastSwiftUpdateCheck = 1420;
				LastUpgradeCheck = 1420;
				TargetAttributes = {
					93C715F0296A83EB00813C01 = {
						CreatedOnToolsVersion = 14.2;
					};
					93C71606296A83ED00813C01 = {
						CreatedOnToolsVersion = 14.2;
						TestTargetID = 93C715F0296A83EB00813C01;
					};
					93C71610296A83ED00813C01 = {
						CreatedOnToolsVersion = 14.2;
						TestTargetID = 93C715F0296A83EB00813C01;
					};
				};
			};
			buildConfigurationList = 93C715EC296A83EB00813C01 /* Build configuration list for PBXProject "yeogidam-rx" */;
			compatibilityVersion = "Xcode 13.0";
			developmentRegion = en;
			hasScannedForEncodings = 0;
			knownRegions = (
				en,
				Base,
			);
			mainGroup = 93C715E8296A83EB00813C01;
			productRefGroup = 93C715F2296A83EB00813C01 /* Products */;
			projectDirPath = "";
			projectRoot = "";
			targets = (
				93C715F0296A83EB00813C01 /* yeogidam-rx */,
				93C71606296A83ED00813C01 /* yeogidam-rxTests */,
				93C71610296A83ED00813C01 /* yeogidam-rxUITests */,
			);
		};
/* End PBXProject section */

/* Begin PBXResourcesBuildPhase section */
		93C715EF296A83EB00813C01 /* Resources */ = {
			isa = PBXResourcesBuildPhase;
			buildActionMask = 2147483647;
			files = (
				93458610296ABAE200530AA8 /* demo.json in Resources */,
				93C71601296A83ED00813C01 /* LaunchScreen.storyboard in Resources */,
				93C715FE296A83ED00813C01 /* Assets.xcassets in Resources */,
			);
			runOnlyForDeploymentPostprocessing = 0;
		};
		93C71605296A83ED00813C01 /* Resources */ = {
			isa = PBXResourcesBuildPhase;
			buildActionMask = 2147483647;
			files = (
			);
			runOnlyForDeploymentPostprocessing = 0;
		};
		93C7160F296A83ED00813C01 /* Resources */ = {
			isa = PBXResourcesBuildPhase;
			buildActionMask = 2147483647;
			files = (
			);
			runOnlyForDeploymentPostprocessing = 0;
		};
/* End PBXResourcesBuildPhase section */

/* Begin PBXShellScriptBuildPhase section */
		0C141EC1F27198024CC122FF /* [CP] Check Pods Manifest.lock */ = {
			isa = PBXShellScriptBuildPhase;
			buildActionMask = 2147483647;
			files = (
			);
			inputFileListPaths = (
			);
			inputPaths = (
				"${PODS_PODFILE_DIR_PATH}/Podfile.lock",
				"${PODS_ROOT}/Manifest.lock",
			);
			name = "[CP] Check Pods Manifest.lock";
			outputFileListPaths = (
			);
			outputPaths = (
				"$(DERIVED_FILE_DIR)/Pods-yeogidam-rxTests-checkManifestLockResult.txt",
			);
			runOnlyForDeploymentPostprocessing = 0;
			shellPath = /bin/sh;
			shellScript = "diff \"${PODS_PODFILE_DIR_PATH}/Podfile.lock\" \"${PODS_ROOT}/Manifest.lock\" > /dev/null\nif [ $? != 0 ] ; then\n    # print error to STDERR\n    echo \"error: The sandbox is not in sync with the Podfile.lock. Run 'pod install' or update your CocoaPods installation.\" >&2\n    exit 1\nfi\n# This output is used by Xcode 'outputs' to avoid re-running this script phase.\necho \"SUCCESS\" > \"${SCRIPT_OUTPUT_FILE_0}\"\n";
			showEnvVarsInLog = 0;
		};
		2C06E7C7AA7A78D910AC3329 /* [CP] Embed Pods Frameworks */ = {
			isa = PBXShellScriptBuildPhase;
			buildActionMask = 2147483647;
			files = (
			);
			inputFileListPaths = (
				"${PODS_ROOT}/Target Support Files/Pods-yeogidam-rx-yeogidam-rxUITests/Pods-yeogidam-rx-yeogidam-rxUITests-frameworks-${CONFIGURATION}-input-files.xcfilelist",
			);
			name = "[CP] Embed Pods Frameworks";
			outputFileListPaths = (
				"${PODS_ROOT}/Target Support Files/Pods-yeogidam-rx-yeogidam-rxUITests/Pods-yeogidam-rx-yeogidam-rxUITests-frameworks-${CONFIGURATION}-output-files.xcfilelist",
			);
			runOnlyForDeploymentPostprocessing = 0;
			shellPath = /bin/sh;
			shellScript = "\"${PODS_ROOT}/Target Support Files/Pods-yeogidam-rx-yeogidam-rxUITests/Pods-yeogidam-rx-yeogidam-rxUITests-frameworks.sh\"\n";
			showEnvVarsInLog = 0;
		};
		5C705A8C431ECA4A3D880600 /* [CP] Check Pods Manifest.lock */ = {
			isa = PBXShellScriptBuildPhase;
			buildActionMask = 2147483647;
			files = (
			);
			inputFileListPaths = (
			);
			inputPaths = (
				"${PODS_PODFILE_DIR_PATH}/Podfile.lock",
				"${PODS_ROOT}/Manifest.lock",
			);
			name = "[CP] Check Pods Manifest.lock";
			outputFileListPaths = (
			);
			outputPaths = (
				"$(DERIVED_FILE_DIR)/Pods-yeogidam-rx-checkManifestLockResult.txt",
			);
			runOnlyForDeploymentPostprocessing = 0;
			shellPath = /bin/sh;
			shellScript = "diff \"${PODS_PODFILE_DIR_PATH}/Podfile.lock\" \"${PODS_ROOT}/Manifest.lock\" > /dev/null\nif [ $? != 0 ] ; then\n    # print error to STDERR\n    echo \"error: The sandbox is not in sync with the Podfile.lock. Run 'pod install' or update your CocoaPods installation.\" >&2\n    exit 1\nfi\n# This output is used by Xcode 'outputs' to avoid re-running this script phase.\necho \"SUCCESS\" > \"${SCRIPT_OUTPUT_FILE_0}\"\n";
			showEnvVarsInLog = 0;
		};
		6E09977FE2893FDEC440B910 /* [CP] Embed Pods Frameworks */ = {
			isa = PBXShellScriptBuildPhase;
			buildActionMask = 2147483647;
			files = (
			);
			inputFileListPaths = (
				"${PODS_ROOT}/Target Support Files/Pods-yeogidam-rx/Pods-yeogidam-rx-frameworks-${CONFIGURATION}-input-files.xcfilelist",
			);
			name = "[CP] Embed Pods Frameworks";
			outputFileListPaths = (
				"${PODS_ROOT}/Target Support Files/Pods-yeogidam-rx/Pods-yeogidam-rx-frameworks-${CONFIGURATION}-output-files.xcfilelist",
			);
			runOnlyForDeploymentPostprocessing = 0;
			shellPath = /bin/sh;
			shellScript = "\"${PODS_ROOT}/Target Support Files/Pods-yeogidam-rx/Pods-yeogidam-rx-frameworks.sh\"\n";
			showEnvVarsInLog = 0;
		};
		D46B22809675BFFDDB8CBD0B /* [CP] Check Pods Manifest.lock */ = {
			isa = PBXShellScriptBuildPhase;
			buildActionMask = 2147483647;
			files = (
			);
			inputFileListPaths = (
			);
			inputPaths = (
				"${PODS_PODFILE_DIR_PATH}/Podfile.lock",
				"${PODS_ROOT}/Manifest.lock",
			);
			name = "[CP] Check Pods Manifest.lock";
			outputFileListPaths = (
			);
			outputPaths = (
				"$(DERIVED_FILE_DIR)/Pods-yeogidam-rx-yeogidam-rxUITests-checkManifestLockResult.txt",
			);
			runOnlyForDeploymentPostprocessing = 0;
			shellPath = /bin/sh;
			shellScript = "diff \"${PODS_PODFILE_DIR_PATH}/Podfile.lock\" \"${PODS_ROOT}/Manifest.lock\" > /dev/null\nif [ $? != 0 ] ; then\n    # print error to STDERR\n    echo \"error: The sandbox is not in sync with the Podfile.lock. Run 'pod install' or update your CocoaPods installation.\" >&2\n    exit 1\nfi\n# This output is used by Xcode 'outputs' to avoid re-running this script phase.\necho \"SUCCESS\" > \"${SCRIPT_OUTPUT_FILE_0}\"\n";
			showEnvVarsInLog = 0;
		};
/* End PBXShellScriptBuildPhase section */

/* Begin PBXSourcesBuildPhase section */
		93C715ED296A83EB00813C01 /* Sources */ = {
			isa = PBXSourcesBuildPhase;
			buildActionMask = 2147483647;
			files = (
				9345861A29709FCB00530AA8 /* Resource.swift in Sources */,
				934586262972FAB000530AA8 /* TableViewCell.swift in Sources */,
				934586202970A03700530AA8 /* Location.swift in Sources */,
				93458612296ABC5B00530AA8 /* DistrictViewModel.swift in Sources */,
				93D44586296AA34D00DED109 /* MainViewModel.swift in Sources */,
				934586242972A07500530AA8 /* Response.swift in Sources */,
				93D4457D296A8B1B00DED109 /* DistrictViewController.swift in Sources */,
				93C715F9296A83EB00813C01 /* MainViewController.swift in Sources */,
				9345861629709EB700530AA8 /* APIManager.swift in Sources */,
				93C715F5296A83EB00813C01 /* AppDelegate.swift in Sources */,
				93458614296ABC6500530AA8 /* SettingsViewModel.swift in Sources */,
				93D44584296A998F00DED109 /* UIColor+extension.swift in Sources */,
				93D4457F296A8B2C00DED109 /* SettingsViewController.swift in Sources */,
				9345861829709F6700530AA8 /* SmokingArea.swift in Sources */,

				9345862C2979FABF00530AA8 /* SettingsViewCell.swift in Sources */,

				9345862829763C9D00530AA8 /* UIViewController+extension.swift in Sources */,

				9345860E296AA85100530AA8 /* UITextField+extension.swift in Sources */,
				93C715F7296A83EB00813C01 /* SceneDelegate.swift in Sources */,
			);
			runOnlyForDeploymentPostprocessing = 0;
		};
		93C71603296A83ED00813C01 /* Sources */ = {
			isa = PBXSourcesBuildPhase;
			buildActionMask = 2147483647;
			files = (
				93C7160C296A83ED00813C01 /* yeogidam_rxTests.swift in Sources */,
			);
			runOnlyForDeploymentPostprocessing = 0;
		};
		93C7160D296A83ED00813C01 /* Sources */ = {
			isa = PBXSourcesBuildPhase;
			buildActionMask = 2147483647;
			files = (
				93C71616296A83ED00813C01 /* yeogidam_rxUITests.swift in Sources */,
				93C71618296A83ED00813C01 /* yeogidam_rxUITestsLaunchTests.swift in Sources */,
			);
			runOnlyForDeploymentPostprocessing = 0;
		};
/* End PBXSourcesBuildPhase section */

/* Begin PBXTargetDependency section */
		93C71609296A83ED00813C01 /* PBXTargetDependency */ = {
			isa = PBXTargetDependency;
			target = 93C715F0296A83EB00813C01 /* yeogidam-rx */;
			targetProxy = 93C71608296A83ED00813C01 /* PBXContainerItemProxy */;
		};
		93C71613296A83ED00813C01 /* PBXTargetDependency */ = {
			isa = PBXTargetDependency;
			target = 93C715F0296A83EB00813C01 /* yeogidam-rx */;
			targetProxy = 93C71612296A83ED00813C01 /* PBXContainerItemProxy */;
		};
/* End PBXTargetDependency section */

/* Begin PBXVariantGroup section */
		93C715FF296A83ED00813C01 /* LaunchScreen.storyboard */ = {
			isa = PBXVariantGroup;
			children = (
				93C71600296A83ED00813C01 /* Base */,
			);
			name = LaunchScreen.storyboard;
			sourceTree = "<group>";
		};
/* End PBXVariantGroup section */

/* Begin XCBuildConfiguration section */
		93C71619296A83ED00813C01 /* Debug */ = {
			isa = XCBuildConfiguration;
			buildSettings = {
				ALWAYS_SEARCH_USER_PATHS = NO;
				CLANG_ANALYZER_NONNULL = YES;
				CLANG_ANALYZER_NUMBER_OBJECT_CONVERSION = YES_AGGRESSIVE;
				CLANG_CXX_LANGUAGE_STANDARD = "gnu++20";
				CLANG_ENABLE_MODULES = YES;
				CLANG_ENABLE_OBJC_ARC = YES;
				CLANG_ENABLE_OBJC_WEAK = YES;
				CLANG_WARN_BLOCK_CAPTURE_AUTORELEASING = YES;
				CLANG_WARN_BOOL_CONVERSION = YES;
				CLANG_WARN_COMMA = YES;
				CLANG_WARN_CONSTANT_CONVERSION = YES;
				CLANG_WARN_DEPRECATED_OBJC_IMPLEMENTATIONS = YES;
				CLANG_WARN_DIRECT_OBJC_ISA_USAGE = YES_ERROR;
				CLANG_WARN_DOCUMENTATION_COMMENTS = YES;
				CLANG_WARN_EMPTY_BODY = YES;
				CLANG_WARN_ENUM_CONVERSION = YES;
				CLANG_WARN_INFINITE_RECURSION = YES;
				CLANG_WARN_INT_CONVERSION = YES;
				CLANG_WARN_NON_LITERAL_NULL_CONVERSION = YES;
				CLANG_WARN_OBJC_IMPLICIT_RETAIN_SELF = YES;
				CLANG_WARN_OBJC_LITERAL_CONVERSION = YES;
				CLANG_WARN_OBJC_ROOT_CLASS = YES_ERROR;
				CLANG_WARN_QUOTED_INCLUDE_IN_FRAMEWORK_HEADER = YES;
				CLANG_WARN_RANGE_LOOP_ANALYSIS = YES;
				CLANG_WARN_STRICT_PROTOTYPES = YES;
				CLANG_WARN_SUSPICIOUS_MOVE = YES;
				CLANG_WARN_UNGUARDED_AVAILABILITY = YES_AGGRESSIVE;
				CLANG_WARN_UNREACHABLE_CODE = YES;
				CLANG_WARN__DUPLICATE_METHOD_MATCH = YES;
				COPY_PHASE_STRIP = NO;
				DEBUG_INFORMATION_FORMAT = dwarf;
				ENABLE_STRICT_OBJC_MSGSEND = YES;
				ENABLE_TESTABILITY = YES;
				GCC_C_LANGUAGE_STANDARD = gnu11;
				GCC_DYNAMIC_NO_PIC = NO;
				GCC_NO_COMMON_BLOCKS = YES;
				GCC_OPTIMIZATION_LEVEL = 0;
				GCC_PREPROCESSOR_DEFINITIONS = (
					"DEBUG=1",
					"$(inherited)",
				);
				GCC_WARN_64_TO_32_BIT_CONVERSION = YES;
				GCC_WARN_ABOUT_RETURN_TYPE = YES_ERROR;
				GCC_WARN_UNDECLARED_SELECTOR = YES;
				GCC_WARN_UNINITIALIZED_AUTOS = YES_AGGRESSIVE;
				GCC_WARN_UNUSED_FUNCTION = YES;
				GCC_WARN_UNUSED_VARIABLE = YES;
				INFOPLIST_KEY_UILaunchStoryboardName = LaunchScreen.storyboard;
				IPHONEOS_DEPLOYMENT_TARGET = 15.0;
				MTL_ENABLE_DEBUG_INFO = INCLUDE_SOURCE;
				MTL_FAST_MATH = YES;
				ONLY_ACTIVE_ARCH = YES;
				SDKROOT = iphoneos;
				SWIFT_ACTIVE_COMPILATION_CONDITIONS = DEBUG;
				SWIFT_OPTIMIZATION_LEVEL = "-Onone";
			};
			name = Debug;
		};
		93C7161A296A83ED00813C01 /* Release */ = {
			isa = XCBuildConfiguration;
			buildSettings = {
				ALWAYS_SEARCH_USER_PATHS = NO;
				CLANG_ANALYZER_NONNULL = YES;
				CLANG_ANALYZER_NUMBER_OBJECT_CONVERSION = YES_AGGRESSIVE;
				CLANG_CXX_LANGUAGE_STANDARD = "gnu++20";
				CLANG_ENABLE_MODULES = YES;
				CLANG_ENABLE_OBJC_ARC = YES;
				CLANG_ENABLE_OBJC_WEAK = YES;
				CLANG_WARN_BLOCK_CAPTURE_AUTORELEASING = YES;
				CLANG_WARN_BOOL_CONVERSION = YES;
				CLANG_WARN_COMMA = YES;
				CLANG_WARN_CONSTANT_CONVERSION = YES;
				CLANG_WARN_DEPRECATED_OBJC_IMPLEMENTATIONS = YES;
				CLANG_WARN_DIRECT_OBJC_ISA_USAGE = YES_ERROR;
				CLANG_WARN_DOCUMENTATION_COMMENTS = YES;
				CLANG_WARN_EMPTY_BODY = YES;
				CLANG_WARN_ENUM_CONVERSION = YES;
				CLANG_WARN_INFINITE_RECURSION = YES;
				CLANG_WARN_INT_CONVERSION = YES;
				CLANG_WARN_NON_LITERAL_NULL_CONVERSION = YES;
				CLANG_WARN_OBJC_IMPLICIT_RETAIN_SELF = YES;
				CLANG_WARN_OBJC_LITERAL_CONVERSION = YES;
				CLANG_WARN_OBJC_ROOT_CLASS = YES_ERROR;
				CLANG_WARN_QUOTED_INCLUDE_IN_FRAMEWORK_HEADER = YES;
				CLANG_WARN_RANGE_LOOP_ANALYSIS = YES;
				CLANG_WARN_STRICT_PROTOTYPES = YES;
				CLANG_WARN_SUSPICIOUS_MOVE = YES;
				CLANG_WARN_UNGUARDED_AVAILABILITY = YES_AGGRESSIVE;
				CLANG_WARN_UNREACHABLE_CODE = YES;
				CLANG_WARN__DUPLICATE_METHOD_MATCH = YES;
				COPY_PHASE_STRIP = NO;
				DEBUG_INFORMATION_FORMAT = "dwarf-with-dsym";
				ENABLE_NS_ASSERTIONS = NO;
				ENABLE_STRICT_OBJC_MSGSEND = YES;
				GCC_C_LANGUAGE_STANDARD = gnu11;
				GCC_NO_COMMON_BLOCKS = YES;
				GCC_WARN_64_TO_32_BIT_CONVERSION = YES;
				GCC_WARN_ABOUT_RETURN_TYPE = YES_ERROR;
				GCC_WARN_UNDECLARED_SELECTOR = YES;
				GCC_WARN_UNINITIALIZED_AUTOS = YES_AGGRESSIVE;
				GCC_WARN_UNUSED_FUNCTION = YES;
				GCC_WARN_UNUSED_VARIABLE = YES;
				INFOPLIST_KEY_UILaunchStoryboardName = LaunchScreen.storyboard;
				IPHONEOS_DEPLOYMENT_TARGET = 15.0;
				MTL_ENABLE_DEBUG_INFO = NO;
				MTL_FAST_MATH = YES;
				SDKROOT = iphoneos;
				SWIFT_COMPILATION_MODE = wholemodule;
				SWIFT_OPTIMIZATION_LEVEL = "-O";
				VALIDATE_PRODUCT = YES;
			};
			name = Release;
		};
		93C7161C296A83ED00813C01 /* Debug */ = {
			isa = XCBuildConfiguration;
			baseConfigurationReference = 453F54FCB94FC25EAD9F0ED1 /* Pods-yeogidam-rx.debug.xcconfig */;
			buildSettings = {
				ASSETCATALOG_COMPILER_APPICON_NAME = AppIcon;
				ASSETCATALOG_COMPILER_GLOBAL_ACCENT_COLOR_NAME = AccentColor;
				CODE_SIGN_STYLE = Automatic;
				CURRENT_PROJECT_VERSION = 1;
				DEVELOPMENT_TEAM = 8B8R52P58X;
				GENERATE_INFOPLIST_FILE = YES;
				INFOPLIST_FILE = "yeogidam-rx/Info.plist";
				INFOPLIST_KEY_UIApplicationSupportsIndirectInputEvents = YES;
				INFOPLIST_KEY_UISupportedInterfaceOrientations_iPad = "UIInterfaceOrientationPortrait UIInterfaceOrientationPortraitUpsideDown UIInterfaceOrientationLandscapeLeft UIInterfaceOrientationLandscapeRight";
				INFOPLIST_KEY_UISupportedInterfaceOrientations_iPhone = "UIInterfaceOrientationPortrait UIInterfaceOrientationLandscapeLeft UIInterfaceOrientationLandscapeRight";
				IPHONEOS_DEPLOYMENT_TARGET = 15.0;
				LD_RUNPATH_SEARCH_PATHS = (
					"$(inherited)",
					"@executable_path/Frameworks",
				);
				MARKETING_VERSION = 1.0;
				PRODUCT_BUNDLE_IDENTIFIER = "com.kvngwxxk.yeogidam-rx";
				PRODUCT_NAME = "$(TARGET_NAME)";
				SWIFT_EMIT_LOC_STRINGS = YES;
				SWIFT_VERSION = 5.0;
				TARGETED_DEVICE_FAMILY = "1,2";
			};
			name = Debug;
		};
		93C7161D296A83ED00813C01 /* Release */ = {
			isa = XCBuildConfiguration;
			baseConfigurationReference = 57A2D557F2555C98D2272024 /* Pods-yeogidam-rx.release.xcconfig */;
			buildSettings = {
				ASSETCATALOG_COMPILER_APPICON_NAME = AppIcon;
				ASSETCATALOG_COMPILER_GLOBAL_ACCENT_COLOR_NAME = AccentColor;
				CODE_SIGN_STYLE = Automatic;
				CURRENT_PROJECT_VERSION = 1;
				DEVELOPMENT_TEAM = 8B8R52P58X;
				GENERATE_INFOPLIST_FILE = YES;
				INFOPLIST_FILE = "yeogidam-rx/Info.plist";
				INFOPLIST_KEY_UIApplicationSupportsIndirectInputEvents = YES;
				INFOPLIST_KEY_UISupportedInterfaceOrientations_iPad = "UIInterfaceOrientationPortrait UIInterfaceOrientationPortraitUpsideDown UIInterfaceOrientationLandscapeLeft UIInterfaceOrientationLandscapeRight";
				INFOPLIST_KEY_UISupportedInterfaceOrientations_iPhone = "UIInterfaceOrientationPortrait UIInterfaceOrientationLandscapeLeft UIInterfaceOrientationLandscapeRight";
				IPHONEOS_DEPLOYMENT_TARGET = 15.0;
				LD_RUNPATH_SEARCH_PATHS = (
					"$(inherited)",
					"@executable_path/Frameworks",
				);
				MARKETING_VERSION = 1.0;
				PRODUCT_BUNDLE_IDENTIFIER = "com.kvngwxxk.yeogidam-rx";
				PRODUCT_NAME = "$(TARGET_NAME)";
				SWIFT_EMIT_LOC_STRINGS = YES;
				SWIFT_VERSION = 5.0;
				TARGETED_DEVICE_FAMILY = "1,2";
			};
			name = Release;
		};
		93C7161F296A83ED00813C01 /* Debug */ = {
			isa = XCBuildConfiguration;
			baseConfigurationReference = 4D933C9D092FF7E83D71E04F /* Pods-yeogidam-rxTests.debug.xcconfig */;
			buildSettings = {
				ALWAYS_EMBED_SWIFT_STANDARD_LIBRARIES = YES;
				BUNDLE_LOADER = "$(TEST_HOST)";
				CODE_SIGN_STYLE = Automatic;
				CURRENT_PROJECT_VERSION = 1;
				DEVELOPMENT_TEAM = 8B8R52P58X;
				GENERATE_INFOPLIST_FILE = YES;
				IPHONEOS_DEPLOYMENT_TARGET = 16.2;
				MARKETING_VERSION = 1.0;
				PRODUCT_BUNDLE_IDENTIFIER = "com.kvngwxxk.yeogidam-rxTests";
				PRODUCT_NAME = "$(TARGET_NAME)";
				SWIFT_EMIT_LOC_STRINGS = NO;
				SWIFT_VERSION = 5.0;
				TARGETED_DEVICE_FAMILY = "1,2";
				TEST_HOST = "$(BUILT_PRODUCTS_DIR)/yeogidam-rx.app/$(BUNDLE_EXECUTABLE_FOLDER_PATH)/yeogidam-rx";
			};
			name = Debug;
		};
		93C71620296A83ED00813C01 /* Release */ = {
			isa = XCBuildConfiguration;
			baseConfigurationReference = 96630C4FC9956645280E78C7 /* Pods-yeogidam-rxTests.release.xcconfig */;
			buildSettings = {
				ALWAYS_EMBED_SWIFT_STANDARD_LIBRARIES = YES;
				BUNDLE_LOADER = "$(TEST_HOST)";
				CODE_SIGN_STYLE = Automatic;
				CURRENT_PROJECT_VERSION = 1;
				DEVELOPMENT_TEAM = 8B8R52P58X;
				GENERATE_INFOPLIST_FILE = YES;
				IPHONEOS_DEPLOYMENT_TARGET = 16.2;
				MARKETING_VERSION = 1.0;
				PRODUCT_BUNDLE_IDENTIFIER = "com.kvngwxxk.yeogidam-rxTests";
				PRODUCT_NAME = "$(TARGET_NAME)";
				SWIFT_EMIT_LOC_STRINGS = NO;
				SWIFT_VERSION = 5.0;
				TARGETED_DEVICE_FAMILY = "1,2";
				TEST_HOST = "$(BUILT_PRODUCTS_DIR)/yeogidam-rx.app/$(BUNDLE_EXECUTABLE_FOLDER_PATH)/yeogidam-rx";
			};
			name = Release;
		};
		93C71622296A83ED00813C01 /* Debug */ = {
			isa = XCBuildConfiguration;
			baseConfigurationReference = F5C866463D3E98F9F499539A /* Pods-yeogidam-rx-yeogidam-rxUITests.debug.xcconfig */;
			buildSettings = {
				ALWAYS_EMBED_SWIFT_STANDARD_LIBRARIES = YES;
				CODE_SIGN_STYLE = Automatic;
				CURRENT_PROJECT_VERSION = 1;
				DEVELOPMENT_TEAM = 8B8R52P58X;
				GENERATE_INFOPLIST_FILE = YES;
				MARKETING_VERSION = 1.0;
				PRODUCT_BUNDLE_IDENTIFIER = "com.kvngwxxk.yeogidam-rxUITests";
				PRODUCT_NAME = "$(TARGET_NAME)";
				SWIFT_EMIT_LOC_STRINGS = NO;
				SWIFT_VERSION = 5.0;
				TARGETED_DEVICE_FAMILY = "1,2";
				TEST_TARGET_NAME = "yeogidam-rx";
			};
			name = Debug;
		};
		93C71623296A83ED00813C01 /* Release */ = {
			isa = XCBuildConfiguration;
			baseConfigurationReference = 2612F8D8D5F694DDF2B70141 /* Pods-yeogidam-rx-yeogidam-rxUITests.release.xcconfig */;
			buildSettings = {
				ALWAYS_EMBED_SWIFT_STANDARD_LIBRARIES = YES;
				CODE_SIGN_STYLE = Automatic;
				CURRENT_PROJECT_VERSION = 1;
				DEVELOPMENT_TEAM = 8B8R52P58X;
				GENERATE_INFOPLIST_FILE = YES;
				MARKETING_VERSION = 1.0;
				PRODUCT_BUNDLE_IDENTIFIER = "com.kvngwxxk.yeogidam-rxUITests";
				PRODUCT_NAME = "$(TARGET_NAME)";
				SWIFT_EMIT_LOC_STRINGS = NO;
				SWIFT_VERSION = 5.0;
				TARGETED_DEVICE_FAMILY = "1,2";
				TEST_TARGET_NAME = "yeogidam-rx";
			};
			name = Release;
		};
/* End XCBuildConfiguration section */

/* Begin XCConfigurationList section */
		93C715EC296A83EB00813C01 /* Build configuration list for PBXProject "yeogidam-rx" */ = {
			isa = XCConfigurationList;
			buildConfigurations = (
				93C71619296A83ED00813C01 /* Debug */,
				93C7161A296A83ED00813C01 /* Release */,
			);
			defaultConfigurationIsVisible = 0;
			defaultConfigurationName = Release;
		};
		93C7161B296A83ED00813C01 /* Build configuration list for PBXNativeTarget "yeogidam-rx" */ = {
			isa = XCConfigurationList;
			buildConfigurations = (
				93C7161C296A83ED00813C01 /* Debug */,
				93C7161D296A83ED00813C01 /* Release */,
			);
			defaultConfigurationIsVisible = 0;
			defaultConfigurationName = Release;
		};
		93C7161E296A83ED00813C01 /* Build configuration list for PBXNativeTarget "yeogidam-rxTests" */ = {
			isa = XCConfigurationList;
			buildConfigurations = (
				93C7161F296A83ED00813C01 /* Debug */,
				93C71620296A83ED00813C01 /* Release */,
			);
			defaultConfigurationIsVisible = 0;
			defaultConfigurationName = Release;
		};
		93C71621296A83ED00813C01 /* Build configuration list for PBXNativeTarget "yeogidam-rxUITests" */ = {
			isa = XCConfigurationList;
			buildConfigurations = (
				93C71622296A83ED00813C01 /* Debug */,
				93C71623296A83ED00813C01 /* Release */,
			);
			defaultConfigurationIsVisible = 0;
			defaultConfigurationName = Release;
		};
/* End XCConfigurationList section */
	};
	rootObject = 93C715E9296A83EB00813C01 /* Project object */;
}
